
Microsoft Visual Studio Solution File, Format Version 12.00
# Visual Studio Version 17
VisualStudioVersion = 17.9.34701.34
MinimumVisualStudioVersion = 10.0.40219.1
Project("{FAE04EC0-301F-11D3-BF4B-00C04F79EFBC}") = "SSO-Sample", "SSO-Sample.csproj", "{647616FA-3BD3-4D9D-A4BB-3E2AFDA7669B}"
EndProject
Global
	GlobalSection(SolutionConfigurationPlatforms) = preSolution
		Debug|Any CPU = Debug|Any CPU
		Release|Any CPU = Release|Any CPU
	EndGlobalSection
	GlobalSection(ProjectConfigurationPlatforms) = postSolution
		{647616FA-3BD3-4D9D-A4BB-3E2AFDA7669B}.Debug|Any CPU.ActiveCfg = Debug|Any CPU
		{647616FA-3BD3-4D9D-A4BB-3E2AFDA7669B}.Debug|Any CPU.Build.0 = Debug|Any CPU
		{647616FA-3BD3-4D9D-A4BB-3E2AFDA7669B}.Release|Any CPU.ActiveCfg = Release|Any CPU
		{647616FA-3BD3-4D9D-A4BB-3E2AFDA7669B}.Release|Any CPU.Build.0 = Release|Any CPU
	EndGlobalSection
	GlobalSection(SolutionProperties) = preSolution
		HideSolutionNode = FALSE
	EndGlobalSection
	GlobalSection(ExtensibilityGlobals) = postSolution
		SolutionGuid = {3EC644CA-D3D8-458F-AF0A-A3F270F9AEDF}
	EndGlobalSection
EndGlobal
