
Microsoft Visual Studio Solution File, Format Version 12.00
# Visual Studio Version 17
VisualStudioVersion = 17.9.34701.34
MinimumVisualStudioVersion = 10.0.40219.1
Project("{9A19103F-16F7-4668-BE54-9A1E7A4F7556}") = "SDK-PunchSample", "SDK-PunchSample.csproj", "{188559D6-95BA-4878-BD7D-0BCD4D88D498}"
EndProject
Global
	GlobalSection(SolutionConfigurationPlatforms) = preSolution
		Debug|Any CPU = Debug|Any CPU
		Release|Any CPU = Release|Any CPU
	EndGlobalSection
	GlobalSection(ProjectConfigurationPlatforms) = postSolution
		{188559D6-95BA-4878-BD7D-0BCD4D88D498}.Debug|Any CPU.ActiveCfg = Debug|Any CPU
		{188559D6-95BA-4878-BD7D-0BCD4D88D498}.Debug|Any CPU.Build.0 = Debug|Any CPU
		{188559D6-95BA-4878-BD7D-0BCD4D88D498}.Release|Any CPU.ActiveCfg = Release|Any CPU
		{188559D6-95BA-4878-BD7D-0BCD4D88D498}.Release|Any CPU.Build.0 = Release|Any CPU
	EndGlobalSection
	GlobalSection(SolutionProperties) = preSolution
		HideSolutionNode = FALSE
	EndGlobalSection
	GlobalSection(ExtensibilityGlobals) = postSolution
		SolutionGuid = {2939F12B-CE5B-4AA3-AEB7-E45D2EE31F0F}
	EndGlobalSection
EndGlobal
